
Microsoft Visual Studio Solution File, Format Version 12.00
# Visual Studio Version 18
VisualStudioVersion = 18.2.11408.102 d18.0
MinimumVisualStudioVersion = 10.0.40219.1
Project("{FAE04EC0-301F-11D3-BF4B-00C04F79EFBC}") = "WPF Client", "WPF Client\WPF Client.csproj", "{E184790A-CE51-44C7-81BD-670426217425}"
EndProject
Project("{FAE04EC0-301F-11D3-BF4B-00C04F79EFBC}") = "WPF Server", "WPF Server\WPF Server.csproj", "{8E4C6D6C-2144-4BF4-B2C6-43E55DF13C7C}"
EndProject
Project("{FAE04EC0-301F-11D3-BF4B-00C04F79EFBC}") = "NetworkLibrary", "NetworkLibrary\NetworkLibrary.csproj", "{44A5A001-7632-4E65-862B-A2ADBF7B0DA7}"
EndProject
Global
	GlobalSection(SolutionConfigurationPlatforms) = preSolution
		Debug|Any CPU = Debug|Any CPU
		Release|Any CPU = Release|Any CPU
	EndGlobalSection
	GlobalSection(ProjectConfigurationPlatforms) = postSolution
		{E184790A-CE51-44C7-81BD-670426217425}.Debug|Any CPU.ActiveCfg = Debug|Any CPU
		{E184790A-CE51-44C7-81BD-670426217425}.Debug|Any CPU.Build.0 = Debug|Any CPU
		{E184790A-CE51-44C7-81BD-670426217425}.Release|Any CPU.ActiveCfg = Release|Any CPU
		{E184790A-CE51-44C7-81BD-670426217425}.Release|Any CPU.Build.0 = Release|Any CPU
		{8E4C6D6C-2144-4BF4-B2C6-43E55DF13C7C}.Debug|Any CPU.ActiveCfg = Debug|Any CPU
		{8E4C6D6C-2144-4BF4-B2C6-43E55DF13C7C}.Debug|Any CPU.Build.0 = Debug|Any CPU
		{8E4C6D6C-2144-4BF4-B2C6-43E55DF13C7C}.Release|Any CPU.ActiveCfg = Release|Any CPU
		{8E4C6D6C-2144-4BF4-B2C6-43E55DF13C7C}.Release|Any CPU.Build.0 = Release|Any CPU
		{44A5A001-7632-4E65-862B-A2ADBF7B0DA7}.Debug|Any CPU.ActiveCfg = Debug|Any CPU
		{44A5A001-7632-4E65-862B-A2ADBF7B0DA7}.Debug|Any CPU.Build.0 = Debug|Any CPU
		{44A5A001-7632-4E65-862B-A2ADBF7B0DA7}.Release|Any CPU.ActiveCfg = Release|Any CPU
		{44A5A001-7632-4E65-862B-A2ADBF7B0DA7}.Release|Any CPU.Build.0 = Release|Any CPU
	EndGlobalSection
	GlobalSection(SolutionProperties) = preSolution
		HideSolutionNode = FALSE
	EndGlobalSection
	GlobalSection(ExtensibilityGlobals) = postSolution
		SolutionGuid = {B57A5159-A57F-4573-9777-9D481D11BD1C}
	EndGlobalSection
EndGlobal
